
Microsoft Visual Studio Solution File, Format Version 12.00
# Visual Studio 15
VisualStudioVersion = 15.0.26124.0
MinimumVisualStudioVersion = 15.0.26124.0
Project("{FAE04EC0-301F-11D3-BF4B-00C04F79EFBC}") = "ChaoticOnyx.Tools.ChangelogGenerator", "src\ChaoticOnyx.Tools.ChangelogGenerator\ChaoticOnyx.Tools.ChangelogGenerator.csproj", "{28C1AE0A-86FF-408A-8D77-06AF1873CFD2}"
EndProject
Project("{FAE04EC0-301F-11D3-BF4B-00C04F79EFBC}") = "ChaoticOnyx.Tools.ChangelogGenerator.Tests", "src\ChaoticOnyx.Tools.ChangelogGenerator.Tests\ChaoticOnyx.Tools.ChangelogGenerator.Tests.csproj", "{75C68F47-DCC8-455B-938E-B65187A4E8F4}"
EndProject
Project("{FAE04EC0-301F-11D3-BF4B-00C04F79EFBC}") = "ChaoticOnyx.Tools.Core", "src\ChaoticOnyx.Tools.Core\ChaoticOnyx.Tools.Core.csproj", "{8196BA21-795C-4355-9838-DF7DAD1423E5}"
EndProject
Global
	GlobalSection(SolutionConfigurationPlatforms) = preSolution
		Debug|Any CPU = Debug|Any CPU
		Debug|x64 = Debug|x64
		Debug|x86 = Debug|x86
		Release|Any CPU = Release|Any CPU
		Release|x64 = Release|x64
		Release|x86 = Release|x86
	EndGlobalSection
	GlobalSection(SolutionProperties) = preSolution
		HideSolutionNode = FALSE
	EndGlobalSection
	GlobalSection(ProjectConfigurationPlatforms) = postSolution
		{28C1AE0A-86FF-408A-8D77-06AF1873CFD2}.Debug|Any CPU.ActiveCfg = Debug|Any CPU
		{28C1AE0A-86FF-408A-8D77-06AF1873CFD2}.Debug|Any CPU.Build.0 = Debug|Any CPU
		{28C1AE0A-86FF-408A-8D77-06AF1873CFD2}.Debug|x64.ActiveCfg = Debug|Any CPU
		{28C1AE0A-86FF-408A-8D77-06AF1873CFD2}.Debug|x64.Build.0 = Debug|Any CPU
		{28C1AE0A-86FF-408A-8D77-06AF1873CFD2}.Debug|x86.ActiveCfg = Debug|Any CPU
		{28C1AE0A-86FF-408A-8D77-06AF1873CFD2}.Debug|x86.Build.0 = Debug|Any CPU
		{28C1AE0A-86FF-408A-8D77-06AF1873CFD2}.Release|Any CPU.ActiveCfg = Release|Any CPU
		{28C1AE0A-86FF-408A-8D77-06AF1873CFD2}.Release|Any CPU.Build.0 = Release|Any CPU
		{28C1AE0A-86FF-408A-8D77-06AF1873CFD2}.Release|x64.ActiveCfg = Release|Any CPU
		{28C1AE0A-86FF-408A-8D77-06AF1873CFD2}.Release|x64.Build.0 = Release|Any CPU
		{28C1AE0A-86FF-408A-8D77-06AF1873CFD2}.Release|x86.ActiveCfg = Release|Any CPU
		{28C1AE0A-86FF-408A-8D77-06AF1873CFD2}.Release|x86.Build.0 = Release|Any CPU
		{75C68F47-DCC8-455B-938E-B65187A4E8F4}.Debug|Any CPU.ActiveCfg = Debug|Any CPU
		{75C68F47-DCC8-455B-938E-B65187A4E8F4}.Debug|Any CPU.Build.0 = Debug|Any CPU
		{75C68F47-DCC8-455B-938E-B65187A4E8F4}.Debug|x64.ActiveCfg = Debug|Any CPU
		{75C68F47-DCC8-455B-938E-B65187A4E8F4}.Debug|x64.Build.0 = Debug|Any CPU
		{75C68F47-DCC8-455B-938E-B65187A4E8F4}.Debug|x86.ActiveCfg = Debug|Any CPU
		{75C68F47-DCC8-455B-938E-B65187A4E8F4}.Debug|x86.Build.0 = Debug|Any CPU
		{75C68F47-DCC8-455B-938E-B65187A4E8F4}.Release|Any CPU.ActiveCfg = Release|Any CPU
		{75C68F47-DCC8-455B-938E-B65187A4E8F4}.Release|Any CPU.Build.0 = Release|Any CPU
		{75C68F47-DCC8-455B-938E-B65187A4E8F4}.Release|x64.ActiveCfg = Release|Any CPU
		{75C68F47-DCC8-455B-938E-B65187A4E8F4}.Release|x64.Build.0 = Release|Any CPU
		{75C68F47-DCC8-455B-938E-B65187A4E8F4}.Release|x86.ActiveCfg = Release|Any CPU
		{75C68F47-DCC8-455B-938E-B65187A4E8F4}.Release|x86.Build.0 = Release|Any CPU
		{8196BA21-795C-4355-9838-DF7DAD1423E5}.Debug|Any CPU.ActiveCfg = Debug|Any CPU
		{8196BA21-795C-4355-9838-DF7DAD1423E5}.Debug|Any CPU.Build.0 = Debug|Any CPU
		{8196BA21-795C-4355-9838-DF7DAD1423E5}.Debug|x64.ActiveCfg = Debug|Any CPU
		{8196BA21-795C-4355-9838-DF7DAD1423E5}.Debug|x64.Build.0 = Debug|Any CPU
		{8196BA21-795C-4355-9838-DF7DAD1423E5}.Debug|x86.ActiveCfg = Debug|Any CPU
		{8196BA21-795C-4355-9838-DF7DAD1423E5}.Debug|x86.Build.0 = Debug|Any CPU
		{8196BA21-795C-4355-9838-DF7DAD1423E5}.Release|Any CPU.ActiveCfg = Release|Any CPU
		{8196BA21-795C-4355-9838-DF7DAD1423E5}.Release|Any CPU.Build.0 = Release|Any CPU
		{8196BA21-795C-4355-9838-DF7DAD1423E5}.Release|x64.ActiveCfg = Release|Any CPU
		{8196BA21-795C-4355-9838-DF7DAD1423E5}.Release|x64.Build.0 = Release|Any CPU
		{8196BA21-795C-4355-9838-DF7DAD1423E5}.Release|x86.ActiveCfg = Release|Any CPU
		{8196BA21-795C-4355-9838-DF7DAD1423E5}.Release|x86.Build.0 = Release|Any CPU
	EndGlobalSection
EndGlobal
